# THIS IS AN AUTOGENERATED FILE. DO NOT EDIT THIS FILE DIRECTLY.
# yarn lockfile v1


"@hivekit/client-js@^1.2.0":
  version "1.2.0"
  resolved "https://registry.yarnpkg.com/@hivekit/client-js/-/client-js-1.2.0.tgz#c03bc7631232ae450c00fc3f82284781039414ac"
  integrity sha512-s8ohJc5sgMGp7W9LFsRIcuOSlHVjS6mJfwyJ+pqU5uavYGT/fClrfBhwRJNJpnXnoW5GTS4mW51fexSuG8e6YA==
  dependencies:
    nanoid "^3.1.30"
    ws "^8.2.3"

nanoid@^3.1.30:
  version "3.3.4"
  resolved "https://registry.yarnpkg.com/nanoid/-/nanoid-3.3.4.tgz#730b67e3cd09e2deacf03c027c81c9d9dbc5e8ab"
  integrity sha512-MqBkQh/OHTS2egovRtLk45wEyNXwF+cokD+1YPf9u5VfJiRdAiRwB2froX5Co9Rh20xs4siNPm8naNotSD6RBw==

ws@^8.2.3:
  version "8.10.0"
  resolved "https://registry.yarnpkg.com/ws/-/ws-8.10.0.tgz#00a28c09dfb76eae4eb45c3b565f771d6951aa51"
  integrity sha512-+s49uSmZpvtAsd2h37vIPy1RBusaLawVe8of+GyEPsaJTCMpj/2v8NpeK1SHXjBlQ95lQTmQofOJnFiLoaN3yw==
